
Microsoft Visual Studio Solution File, Format Version 12.00
# Visual Studio Version 16
VisualStudioVersion = 16.0.30114.105
MinimumVisualStudioVersion = 10.0.40219.1
Project("{2150E333-8FDC-42A3-9474-1A3956D46DE8}") = "src", "src", "{D8AA864A-34CD-4EBC-A200-24005C7C2FB9}"
EndProject
Project("{FAE04EC0-301F-11D3-BF4B-00C04F79EFBC}") = "dotnetnbpgold.web", "src\dotnetnbpgold.web\dotnetnbpgold.web.csproj", "{AE6799A7-9671-433E-8083-C0262D1EED62}"
EndProject
Project("{FAE04EC0-301F-11D3-BF4B-00C04F79EFBC}") = "dotnetnbpgold.nbp.client", "src\dotnetnbpgold.nbp.client\dotnetnbpgold.nbp.client.csproj", "{AF0F7AB4-E6B1-42FD-B855-10A8F310236C}"
EndProject
Global
	GlobalSection(SolutionConfigurationPlatforms) = preSolution
		Debug|Any CPU = Debug|Any CPU
		Release|Any CPU = Release|Any CPU
	EndGlobalSection
	GlobalSection(SolutionProperties) = preSolution
		HideSolutionNode = FALSE
	EndGlobalSection
	GlobalSection(ProjectConfigurationPlatforms) = postSolution
		{AE6799A7-9671-433E-8083-C0262D1EED62}.Debug|Any CPU.ActiveCfg = Debug|Any CPU
		{AE6799A7-9671-433E-8083-C0262D1EED62}.Debug|Any CPU.Build.0 = Debug|Any CPU
		{AE6799A7-9671-433E-8083-C0262D1EED62}.Release|Any CPU.ActiveCfg = Release|Any CPU
		{AE6799A7-9671-433E-8083-C0262D1EED62}.Release|Any CPU.Build.0 = Release|Any CPU
		{AF0F7AB4-E6B1-42FD-B855-10A8F310236C}.Debug|Any CPU.ActiveCfg = Debug|Any CPU
		{AF0F7AB4-E6B1-42FD-B855-10A8F310236C}.Debug|Any CPU.Build.0 = Debug|Any CPU
		{AF0F7AB4-E6B1-42FD-B855-10A8F310236C}.Release|Any CPU.ActiveCfg = Release|Any CPU
		{AF0F7AB4-E6B1-42FD-B855-10A8F310236C}.Release|Any CPU.Build.0 = Release|Any CPU
	EndGlobalSection
	GlobalSection(NestedProjects) = preSolution
		{AE6799A7-9671-433E-8083-C0262D1EED62} = {D8AA864A-34CD-4EBC-A200-24005C7C2FB9}
		{AF0F7AB4-E6B1-42FD-B855-10A8F310236C} = {D8AA864A-34CD-4EBC-A200-24005C7C2FB9}
	EndGlobalSection
EndGlobal
